
Microsoft Visual Studio Solution File, Format Version 9.00
# Visual Studio 2005
Project("{FAE04EC0-301F-11D3-BF4B-00C04F79EFBC}") = "EnglishHelperSystem", "EnglishHelperSystem\EnglishHelperSystem.csproj", "{C25B778F-59B3-4236-92B9-E20A7F3C1E54}"
EndProject
Global
	GlobalSection(SolutionConfigurationPlatforms) = preSolution
		Debug|Any CPU = Debug|Any CPU
		Release|Any CPU = Release|Any CPU
	EndGlobalSection
	GlobalSection(ProjectConfigurationPlatforms) = postSolution
		{C25B778F-59B3-4236-92B9-E20A7F3C1E54}.Debug|Any CPU.ActiveCfg = Debug|Any CPU
		{C25B778F-59B3-4236-92B9-E20A7F3C1E54}.Debug|Any CPU.Build.0 = Debug|Any CPU
		{C25B778F-59B3-4236-92B9-E20A7F3C1E54}.Release|Any CPU.ActiveCfg = Release|Any CPU
		{C25B778F-59B3-4236-92B9-E20A7F3C1E54}.Release|Any CPU.Build.0 = Release|Any CPU
	EndGlobalSection
	GlobalSection(SolutionProperties) = preSolution
		HideSolutionNode = FALSE
	EndGlobalSection
EndGlobal
